
Microsoft Visual Studio Solution File, Format Version 12.00
# Visual Studio Version 17
VisualStudioVersion = 17.12.35707.178 d17.12
MinimumVisualStudioVersion = 10.0.40219.1
Project("{FAE04EC0-301F-11D3-BF4B-00C04F79EFBC}") = "C#_thesis_project", "C#_thesis_project.csproj", "{AE434D91-169E-4D31-A0C5-364AD2229FD6}"
EndProject
Global
	GlobalSection(SolutionConfigurationPlatforms) = preSolution
		Debug|Any CPU = Debug|Any CPU
		Release|Any CPU = Release|Any CPU
	EndGlobalSection
	GlobalSection(ProjectConfigurationPlatforms) = postSolution
		{AE434D91-169E-4D31-A0C5-364AD2229FD6}.Debug|Any CPU.ActiveCfg = Debug|Any CPU
		{AE434D91-169E-4D31-A0C5-364AD2229FD6}.Debug|Any CPU.Build.0 = Debug|Any CPU
		{AE434D91-169E-4D31-A0C5-364AD2229FD6}.Release|Any CPU.ActiveCfg = Release|Any CPU
		{AE434D91-169E-4D31-A0C5-364AD2229FD6}.Release|Any CPU.Build.0 = Release|Any CPU
	EndGlobalSection
	GlobalSection(SolutionProperties) = preSolution
		HideSolutionNode = FALSE
	EndGlobalSection
EndGlobal
