
Microsoft Visual Studio Solution File, Format Version 12.00
# Visual Studio Version 17
Project("{8BC9CEB8-8B4A-11D0-8D11-00A0C91BC942}") = "ALL_BUILD", "ALL_BUILD.vcxproj", "{E9031BC0-05A4-34B9-B4C5-C36D5BCE5BDC}"
	ProjectSection(ProjectDependencies) = postProject
		{2B588A11-FA05-314D-888C-9A410B403CE6} = {2B588A11-FA05-314D-888C-9A410B403CE6}
		{D8705689-AA23-3266-BB43-E97E47BF9F0E} = {D8705689-AA23-3266-BB43-E97E47BF9F0E}
	EndProjectSection
EndProject
Project("{8BC9CEB8-8B4A-11D0-8D11-00A0C91BC942}") = "ZERO_CHECK", "ZERO_CHECK.vcxproj", "{2B588A11-FA05-314D-888C-9A410B403CE6}"
	ProjectSection(ProjectDependencies) = postProject
	EndProjectSection
EndProject
Project("{8BC9CEB8-8B4A-11D0-8D11-00A0C91BC942}") = "sample_2", "sample_2.vcxproj", "{D8705689-AA23-3266-BB43-E97E47BF9F0E}"
	ProjectSection(ProjectDependencies) = postProject
		{2B588A11-FA05-314D-888C-9A410B403CE6} = {2B588A11-FA05-314D-888C-9A410B403CE6}
	EndProjectSection
EndProject
Global
	GlobalSection(SolutionConfigurationPlatforms) = preSolution
		Debug|x64 = Debug|x64
		Release|x64 = Release|x64
		MinSizeRel|x64 = MinSizeRel|x64
		RelWithDebInfo|x64 = RelWithDebInfo|x64
	EndGlobalSection
	GlobalSection(ProjectConfigurationPlatforms) = postSolution
		{E9031BC0-05A4-34B9-B4C5-C36D5BCE5BDC}.Debug|x64.ActiveCfg = Debug|x64
		{E9031BC0-05A4-34B9-B4C5-C36D5BCE5BDC}.Release|x64.ActiveCfg = Release|x64
		{E9031BC0-05A4-34B9-B4C5-C36D5BCE5BDC}.MinSizeRel|x64.ActiveCfg = MinSizeRel|x64
		{E9031BC0-05A4-34B9-B4C5-C36D5BCE5BDC}.RelWithDebInfo|x64.ActiveCfg = RelWithDebInfo|x64
		{2B588A11-FA05-314D-888C-9A410B403CE6}.Debug|x64.ActiveCfg = Debug|x64
		{2B588A11-FA05-314D-888C-9A410B403CE6}.Debug|x64.Build.0 = Debug|x64
		{2B588A11-FA05-314D-888C-9A410B403CE6}.Release|x64.ActiveCfg = Release|x64
		{2B588A11-FA05-314D-888C-9A410B403CE6}.Release|x64.Build.0 = Release|x64
		{2B588A11-FA05-314D-888C-9A410B403CE6}.MinSizeRel|x64.ActiveCfg = MinSizeRel|x64
		{2B588A11-FA05-314D-888C-9A410B403CE6}.MinSizeRel|x64.Build.0 = MinSizeRel|x64
		{2B588A11-FA05-314D-888C-9A410B403CE6}.RelWithDebInfo|x64.ActiveCfg = RelWithDebInfo|x64
		{2B588A11-FA05-314D-888C-9A410B403CE6}.RelWithDebInfo|x64.Build.0 = RelWithDebInfo|x64
		{D8705689-AA23-3266-BB43-E97E47BF9F0E}.Debug|x64.ActiveCfg = Debug|x64
		{D8705689-AA23-3266-BB43-E97E47BF9F0E}.Debug|x64.Build.0 = Debug|x64
		{D8705689-AA23-3266-BB43-E97E47BF9F0E}.Release|x64.ActiveCfg = Release|x64
		{D8705689-AA23-3266-BB43-E97E47BF9F0E}.Release|x64.Build.0 = Release|x64
		{D8705689-AA23-3266-BB43-E97E47BF9F0E}.MinSizeRel|x64.ActiveCfg = MinSizeRel|x64
		{D8705689-AA23-3266-BB43-E97E47BF9F0E}.MinSizeRel|x64.Build.0 = MinSizeRel|x64
		{D8705689-AA23-3266-BB43-E97E47BF9F0E}.RelWithDebInfo|x64.ActiveCfg = RelWithDebInfo|x64
		{D8705689-AA23-3266-BB43-E97E47BF9F0E}.RelWithDebInfo|x64.Build.0 = RelWithDebInfo|x64
	EndGlobalSection
	GlobalSection(ExtensibilityGlobals) = postSolution
		SolutionGuid = {AD083AE4-5B72-33C2-9470-638184474A7B}
	EndGlobalSection
	GlobalSection(ExtensibilityAddIns) = postSolution
	EndGlobalSection
EndGlobal
